
Microsoft Visual Studio Solution File, Format Version 12.00
# Visual Studio Version 17
VisualStudioVersion = 17.0.32112.339
MinimumVisualStudioVersion = 10.0.40219.1
Project("{9A19103F-16F7-4668-BE54-9A1E7A4F7556}") = "AnimalFarm", "AnimalFarm\AnimalFarm\AnimalFarm.csproj", "{0D6D0D70-DF6E-4868-B3B3-F32F842CD84C}"
EndProject
Project("{9A19103F-16F7-4668-BE54-9A1E7A4F7556}") = "PizzaCalories", "PizzaCalories\PizzaCalories.csproj", "{3B9AD994-8221-4124-9AB3-739E12AEA47C}"
EndProject
Project("{9A19103F-16F7-4668-BE54-9A1E7A4F7556}") = "FootballTeamGenerator", "FootballTeamGenerator\FootballTeamGenerator.csproj", "{677D11C2-84BB-4F06-B48A-5FDDCC6EE018}"
EndProject
Project("{9A19103F-16F7-4668-BE54-9A1E7A4F7556}") = "Box", "Class Box Data\Box.csproj", "{990E703F-8A80-4DF5-8C18-B96D3473660F}"
EndProject
Project("{9A19103F-16F7-4668-BE54-9A1E7A4F7556}") = "ShoppingSpree", "Shopping Spree\ShoppingSpree.csproj", "{41AA9213-8F92-4536-A1C6-5EA5B54CCFD4}"
EndProject
Global
	GlobalSection(SolutionConfigurationPlatforms) = preSolution
		Debug|Any CPU = Debug|Any CPU
		Release|Any CPU = Release|Any CPU
	EndGlobalSection
	GlobalSection(ProjectConfigurationPlatforms) = postSolution
		{0D6D0D70-DF6E-4868-B3B3-F32F842CD84C}.Debug|Any CPU.ActiveCfg = Debug|Any CPU
		{0D6D0D70-DF6E-4868-B3B3-F32F842CD84C}.Debug|Any CPU.Build.0 = Debug|Any CPU
		{0D6D0D70-DF6E-4868-B3B3-F32F842CD84C}.Release|Any CPU.ActiveCfg = Release|Any CPU
		{0D6D0D70-DF6E-4868-B3B3-F32F842CD84C}.Release|Any CPU.Build.0 = Release|Any CPU
		{3B9AD994-8221-4124-9AB3-739E12AEA47C}.Debug|Any CPU.ActiveCfg = Debug|Any CPU
		{3B9AD994-8221-4124-9AB3-739E12AEA47C}.Debug|Any CPU.Build.0 = Debug|Any CPU
		{3B9AD994-8221-4124-9AB3-739E12AEA47C}.Release|Any CPU.ActiveCfg = Release|Any CPU
		{3B9AD994-8221-4124-9AB3-739E12AEA47C}.Release|Any CPU.Build.0 = Release|Any CPU
		{677D11C2-84BB-4F06-B48A-5FDDCC6EE018}.Debug|Any CPU.ActiveCfg = Debug|Any CPU
		{677D11C2-84BB-4F06-B48A-5FDDCC6EE018}.Debug|Any CPU.Build.0 = Debug|Any CPU
		{677D11C2-84BB-4F06-B48A-5FDDCC6EE018}.Release|Any CPU.ActiveCfg = Release|Any CPU
		{677D11C2-84BB-4F06-B48A-5FDDCC6EE018}.Release|Any CPU.Build.0 = Release|Any CPU
		{990E703F-8A80-4DF5-8C18-B96D3473660F}.Debug|Any CPU.ActiveCfg = Debug|Any CPU
		{990E703F-8A80-4DF5-8C18-B96D3473660F}.Debug|Any CPU.Build.0 = Debug|Any CPU
		{990E703F-8A80-4DF5-8C18-B96D3473660F}.Release|Any CPU.ActiveCfg = Release|Any CPU
		{990E703F-8A80-4DF5-8C18-B96D3473660F}.Release|Any CPU.Build.0 = Release|Any CPU
		{41AA9213-8F92-4536-A1C6-5EA5B54CCFD4}.Debug|Any CPU.ActiveCfg = Debug|Any CPU
		{41AA9213-8F92-4536-A1C6-5EA5B54CCFD4}.Debug|Any CPU.Build.0 = Debug|Any CPU
		{41AA9213-8F92-4536-A1C6-5EA5B54CCFD4}.Release|Any CPU.ActiveCfg = Release|Any CPU
		{41AA9213-8F92-4536-A1C6-5EA5B54CCFD4}.Release|Any CPU.Build.0 = Release|Any CPU
	EndGlobalSection
	GlobalSection(SolutionProperties) = preSolution
		HideSolutionNode = FALSE
	EndGlobalSection
	GlobalSection(ExtensibilityGlobals) = postSolution
		SolutionGuid = {1F2F67A3-78BD-4107-927B-377A4B8119CC}
	EndGlobalSection
EndGlobal
