
Microsoft Visual Studio Solution File, Format Version 12.00
# Visual Studio Version 17
VisualStudioVersion = 17.0.32112.339
MinimumVisualStudioVersion = 10.0.40219.1
Project("{FAE04EC0-301F-11D3-BF4B-00C04F79EFBC}") = "Shapes", "Shapes\Shapes.csproj", "{FE18F282-00CE-4E8D-9651-FF1E58BC83FB}"
EndProject
Project("{FAE04EC0-301F-11D3-BF4B-00C04F79EFBC}") = "Cars", "Cars\Cars.csproj", "{842A9032-C25E-4B08-8A37-3F5011F3C7AE}"
EndProject
Global
	GlobalSection(SolutionConfigurationPlatforms) = preSolution
		Debug|Any CPU = Debug|Any CPU
		Release|Any CPU = Release|Any CPU
	EndGlobalSection
	GlobalSection(ProjectConfigurationPlatforms) = postSolution
		{FE18F282-00CE-4E8D-9651-FF1E58BC83FB}.Debug|Any CPU.ActiveCfg = Debug|Any CPU
		{FE18F282-00CE-4E8D-9651-FF1E58BC83FB}.Debug|Any CPU.Build.0 = Debug|Any CPU
		{FE18F282-00CE-4E8D-9651-FF1E58BC83FB}.Release|Any CPU.ActiveCfg = Release|Any CPU
		{FE18F282-00CE-4E8D-9651-FF1E58BC83FB}.Release|Any CPU.Build.0 = Release|Any CPU
		{842A9032-C25E-4B08-8A37-3F5011F3C7AE}.Debug|Any CPU.ActiveCfg = Debug|Any CPU
		{842A9032-C25E-4B08-8A37-3F5011F3C7AE}.Debug|Any CPU.Build.0 = Debug|Any CPU
		{842A9032-C25E-4B08-8A37-3F5011F3C7AE}.Release|Any CPU.ActiveCfg = Release|Any CPU
		{842A9032-C25E-4B08-8A37-3F5011F3C7AE}.Release|Any CPU.Build.0 = Release|Any CPU
	EndGlobalSection
	GlobalSection(SolutionProperties) = preSolution
		HideSolutionNode = FALSE
	EndGlobalSection
	GlobalSection(ExtensibilityGlobals) = postSolution
		SolutionGuid = {783122B8-AA13-46AA-BBBC-6B1CDB564642}
	EndGlobalSection
EndGlobal
