
Microsoft Visual Studio Solution File, Format Version 12.00
# Visual Studio Version 17
VisualStudioVersion = 17.4.33205.214
MinimumVisualStudioVersion = 10.0.40219.1
Project("{9A19103F-16F7-4668-BE54-9A1E7A4F7556}") = "UniversityCompetition", "UniversityCompetition.csproj", "{1C22C40E-FFBE-4BF2-9340-8FCDAB0C6AFB}"
EndProject
Global
	GlobalSection(SolutionConfigurationPlatforms) = preSolution
		Debug|Any CPU = Debug|Any CPU
		Release|Any CPU = Release|Any CPU
	EndGlobalSection
	GlobalSection(ProjectConfigurationPlatforms) = postSolution
		{1C22C40E-FFBE-4BF2-9340-8FCDAB0C6AFB}.Debug|Any CPU.ActiveCfg = Debug|Any CPU
		{1C22C40E-FFBE-4BF2-9340-8FCDAB0C6AFB}.Debug|Any CPU.Build.0 = Debug|Any CPU
		{1C22C40E-FFBE-4BF2-9340-8FCDAB0C6AFB}.Release|Any CPU.ActiveCfg = Release|Any CPU
		{1C22C40E-FFBE-4BF2-9340-8FCDAB0C6AFB}.Release|Any CPU.Build.0 = Release|Any CPU
	EndGlobalSection
	GlobalSection(SolutionProperties) = preSolution
		HideSolutionNode = FALSE
	EndGlobalSection
	GlobalSection(ExtensibilityGlobals) = postSolution
		SolutionGuid = {C4C01A58-9F58-4F99-AB4D-0E9D517F3E1C}
	EndGlobalSection
EndGlobal
